
Microsoft Visual Studio Solution File, Format Version 12.00
# Visual Studio 15
VisualStudioVersion = 15.0.28307.572
MinimumVisualStudioVersion = 10.0.40219.1
Project("{9A19103F-16F7-4668-BE54-9A1E7A4F7556}") = "DuplicateImageDetector", "DuplicateImageDetector\DuplicateImageDetector.csproj", "{CA97F55F-BAA3-4312-A024-D26F3EB756FE}"
EndProject
Project("{FAE04EC0-301F-11D3-BF4B-00C04F79EFBC}") = "UnitTestProject", "UnitTestProject\UnitTestProject.csproj", "{B7717176-3E55-4935-883C-A7EE5A0D514C}"
EndProject
Global
	GlobalSection(SolutionConfigurationPlatforms) = preSolution
		Debug|Any CPU = Debug|Any CPU
		Release|Any CPU = Release|Any CPU
	EndGlobalSection
	GlobalSection(ProjectConfigurationPlatforms) = postSolution
		{CA97F55F-BAA3-4312-A024-D26F3EB756FE}.Debug|Any CPU.ActiveCfg = Debug|Any CPU
		{CA97F55F-BAA3-4312-A024-D26F3EB756FE}.Debug|Any CPU.Build.0 = Debug|Any CPU
		{CA97F55F-BAA3-4312-A024-D26F3EB756FE}.Release|Any CPU.ActiveCfg = Release|Any CPU
		{CA97F55F-BAA3-4312-A024-D26F3EB756FE}.Release|Any CPU.Build.0 = Release|Any CPU
		{B7717176-3E55-4935-883C-A7EE5A0D514C}.Debug|Any CPU.ActiveCfg = Debug|Any CPU
		{B7717176-3E55-4935-883C-A7EE5A0D514C}.Debug|Any CPU.Build.0 = Debug|Any CPU
		{B7717176-3E55-4935-883C-A7EE5A0D514C}.Release|Any CPU.ActiveCfg = Release|Any CPU
		{B7717176-3E55-4935-883C-A7EE5A0D514C}.Release|Any CPU.Build.0 = Release|Any CPU
	EndGlobalSection
	GlobalSection(SolutionProperties) = preSolution
		HideSolutionNode = FALSE
	EndGlobalSection
	GlobalSection(ExtensibilityGlobals) = postSolution
		SolutionGuid = {BC4CFB18-7FB8-4E21-BF27-4122BC799E25}
	EndGlobalSection
EndGlobal
